// !$*UTF8*$!
{
	archiveVersion = 1;
	classes = {
	};
	objectVersion = 50;
	objects = {

/* Begin PBXBuildFile section */
		00B069EEB7BB3600193A123F /* Pods_BringozTestTask.framework in Frameworks */ = {isa = PBXBuildFile; fileRef = 67628ACB9DE40BE7DBBA8953 /* Pods_BringozTestTask.framework */; };
		DE16B8A0208F54D800DE88B7 /* SearchAddressViewController.swift in Sources */ = {isa = PBXBuildFile; fileRef = DE16B89F208F54D800DE88B7 /* SearchAddressViewController.swift */; };
		DE16B8A5208F558400DE88B7 /* PresentableAddressProvider.swift in Sources */ = {isa = PBXBuildFile; fileRef = DE16B8A4208F558400DE88B7 /* PresentableAddressProvider.swift */; };
		DE16B8A8208F561200DE88B7 /* Address.swift in Sources */ = {isa = PBXBuildFile; fileRef = DE16B8A7208F561200DE88B7 /* Address.swift */; };
		DE16B8AA208F564D00DE88B7 /* GoogleAddressProvider.swift in Sources */ = {isa = PBXBuildFile; fileRef = DE16B8A9208F564D00DE88B7 /* GoogleAddressProvider.swift */; };
		DE16B8AC208F6DD200DE88B7 /* NSError+Extensions.swift in Sources */ = {isa = PBXBuildFile; fileRef = DE16B8AB208F6DD200DE88B7 /* NSError+Extensions.swift */; };
		DE16B8AF208F74C200DE88B7 /* LabelTableViewCell.swift in Sources */ = {isa = PBXBuildFile; fileRef = DE16B8AE208F74C200DE88B7 /* LabelTableViewCell.swift */; };
		DE16B8B2208F810500DE88B7 /* ETACalculator.swift in Sources */ = {isa = PBXBuildFile; fileRef = DE16B8B1208F810500DE88B7 /* ETACalculator.swift */; };
		DE16B8B4208F825B00DE88B7 /* CoreLocationETACalculator.swift in Sources */ = {isa = PBXBuildFile; fileRef = DE16B8B3208F825B00DE88B7 /* CoreLocationETACalculator.swift */; };
		DE16B8B6208FB8D800DE88B7 /* AddressWithETA.swift in Sources */ = {isa = PBXBuildFile; fileRef = DE16B8B5208FB8D800DE88B7 /* AddressWithETA.swift */; };
		DE16B8B82090823000DE88B7 /* Array+Extensions.swift in Sources */ = {isa = PBXBuildFile; fileRef = DE16B8B72090823000DE88B7 /* Array+Extensions.swift */; };
		DE30960A2090CD4A00A62D8B /* AddressWithETABinder.swift in Sources */ = {isa = PBXBuildFile; fileRef = DE3096092090CD4A00A62D8B /* AddressWithETABinder.swift */; };
		DE30960F2091AC3800A62D8B /* RadioButton.swift in Sources */ = {isa = PBXBuildFile; fileRef = DE30960E2091AC3800A62D8B /* RadioButton.swift */; };
		DE3096112091ACAB00A62D8B /* UIColor+Extensions.swift in Sources */ = {isa = PBXBuildFile; fileRef = DE3096102091ACAB00A62D8B /* UIColor+Extensions.swift */; };
		DE3096132091ADEA00A62D8B /* View.swift in Sources */ = {isa = PBXBuildFile; fileRef = DE3096122091ADEA00A62D8B /* View.swift */; };
		DE3096152091C21F00A62D8B /* DateFormats.swift in Sources */ = {isa = PBXBuildFile; fileRef = DE3096142091C21F00A62D8B /* DateFormats.swift */; };
		DE30961A2091C9B800A62D8B /* Localizable.strings in Resources */ = {isa = PBXBuildFile; fileRef = DE30961C2091C9B800A62D8B /* Localizable.strings */; };
		DE30961F2091CC2C00A62D8B /* SearchAddressViewController.xib in Resources */ = {isa = PBXBuildFile; fileRef = DE3096212091CC2C00A62D8B /* SearchAddressViewController.xib */; };
		DE3096262091CD0600A62D8B /* Localizable.swift in Sources */ = {isa = PBXBuildFile; fileRef = DE3096252091CD0600A62D8B /* Localizable.swift */; };
		DE3096282091CD2C00A62D8B /* XIBLocalizable.swift in Sources */ = {isa = PBXBuildFile; fileRef = DE3096272091CD2C00A62D8B /* XIBLocalizable.swift */; };
		DE30962B2091D8BA00A62D8B /* ViewControllersFactory.swift in Sources */ = {isa = PBXBuildFile; fileRef = DE30962A2091D8BA00A62D8B /* ViewControllersFactory.swift */; };
		DE88DFE6208F33DD00CEF036 /* AppDelegate.swift in Sources */ = {isa = PBXBuildFile; fileRef = DE88DFE5208F33DD00CEF036 /* AppDelegate.swift */; };
		DE88DFED208F33DF00CEF036 /* Assets.xcassets in Resources */ = {isa = PBXBuildFile; fileRef = DE88DFEC208F33DF00CEF036 /* Assets.xcassets */; };
		DE88DFF0208F33DF00CEF036 /* LaunchScreen.storyboard in Resources */ = {isa = PBXBuildFile; fileRef = DE88DFEE208F33DF00CEF036 /* LaunchScreen.storyboard */; };
		DE88DFFA208F356600CEF036 /* AddressesViewController.swift in Sources */ = {isa = PBXBuildFile; fileRef = DE88DFF9208F356600CEF036 /* AddressesViewController.swift */; };
		DE88DFFC208F361F00CEF036 /* AddressesViewController.xib in Resources */ = {isa = PBXBuildFile; fileRef = DE88DFFB208F361F00CEF036 /* AddressesViewController.xib */; };
		DE88E000208F36CF00CEF036 /* AddressETATableViewCell.swift in Sources */ = {isa = PBXBuildFile; fileRef = DE88DFFE208F36CF00CEF036 /* AddressETATableViewCell.swift */; };
		DE88E001208F36CF00CEF036 /* AddressETATableViewCell.xib in Resources */ = {isa = PBXBuildFile; fileRef = DE88DFFF208F36CF00CEF036 /* AddressETATableViewCell.xib */; };
		DE88E007208F3C9600CEF036 /* ButtonTableViewCell.swift in Sources */ = {isa = PBXBuildFile; fileRef = DE88E005208F3C9600CEF036 /* ButtonTableViewCell.swift */; };
		DE88E00A208F3DB700CEF036 /* TableViewCell.swift in Sources */ = {isa = PBXBuildFile; fileRef = DE88E009208F3DB700CEF036 /* TableViewCell.swift */; };
		DE88E011208F475D00CEF036 /* UIKit+DisposeBag.swift in Sources */ = {isa = PBXBuildFile; fileRef = DE88E010208F475D00CEF036 /* UIKit+DisposeBag.swift */; };
		DE88E013208F4A6D00CEF036 /* TableViewController.swift in Sources */ = {isa = PBXBuildFile; fileRef = DE88E012208F4A6D00CEF036 /* TableViewController.swift */; };
/* End PBXBuildFile section */

/* Begin PBXFileReference section */
		67628ACB9DE40BE7DBBA8953 /* Pods_BringozTestTask.framework */ = {isa = PBXFileReference; explicitFileType = wrapper.framework; includeInIndex = 0; path = Pods_BringozTestTask.framework; sourceTree = BUILT_PRODUCTS_DIR; };
		89554B3ADF0EA1A04560D7D2 /* Pods-BringozTestTask.debug.xcconfig */ = {isa = PBXFileReference; includeInIndex = 1; lastKnownFileType = text.xcconfig; name = "Pods-BringozTestTask.debug.xcconfig"; path = "Pods/Target Support Files/Pods-BringozTestTask/Pods-BringozTestTask.debug.xcconfig"; sourceTree = "<group>"; };
		AEE411B30C30EC94A9CD0773 /* Pods-BringozTestTask.release.xcconfig */ = {isa = PBXFileReference; includeInIndex = 1; lastKnownFileType = text.xcconfig; name = "Pods-BringozTestTask.release.xcconfig"; path = "Pods/Target Support Files/Pods-BringozTestTask/Pods-BringozTestTask.release.xcconfig"; sourceTree = "<group>"; };
		DE16B89F208F54D800DE88B7 /* SearchAddressViewController.swift */ = {isa = PBXFileReference; lastKnownFileType = sourcecode.swift; path = SearchAddressViewController.swift; sourceTree = "<group>"; };
		DE16B8A4208F558400DE88B7 /* PresentableAddressProvider.swift */ = {isa = PBXFileReference; lastKnownFileType = sourcecode.swift; path = PresentableAddressProvider.swift; sourceTree = "<group>"; };
		DE16B8A7208F561200DE88B7 /* Address.swift */ = {isa = PBXFileReference; lastKnownFileType = sourcecode.swift; path = Address.swift; sourceTree = "<group>"; };
		DE16B8A9208F564D00DE88B7 /* GoogleAddressProvider.swift */ = {isa = PBXFileReference; lastKnownFileType = sourcecode.swift; path = GoogleAddressProvider.swift; sourceTree = "<group>"; };
		DE16B8AB208F6DD200DE88B7 /* NSError+Extensions.swift */ = {isa = PBXFileReference; lastKnownFileType = sourcecode.swift; path = "NSError+Extensions.swift"; sourceTree = "<group>"; };
		DE16B8AE208F74C200DE88B7 /* LabelTableViewCell.swift */ = {isa = PBXFileReference; lastKnownFileType = sourcecode.swift; path = LabelTableViewCell.swift; sourceTree = "<group>"; };
		DE16B8B1208F810500DE88B7 /* ETACalculator.swift */ = {isa = PBXFileReference; lastKnownFileType = sourcecode.swift; path = ETACalculator.swift; sourceTree = "<group>"; };
		DE16B8B3208F825B00DE88B7 /* CoreLocationETACalculator.swift */ = {isa = PBXFileReference; lastKnownFileType = sourcecode.swift; path = CoreLocationETACalculator.swift; sourceTree = "<group>"; };
		DE16B8B5208FB8D800DE88B7 /* AddressWithETA.swift */ = {isa = PBXFileReference; lastKnownFileType = sourcecode.swift; path = AddressWithETA.swift; sourceTree = "<group>"; };
		DE16B8B72090823000DE88B7 /* Array+Extensions.swift */ = {isa = PBXFileReference; lastKnownFileType = sourcecode.swift; path = "Array+Extensions.swift"; sourceTree = "<group>"; };
		DE3096092090CD4A00A62D8B /* AddressWithETABinder.swift */ = {isa = PBXFileReference; lastKnownFileType = sourcecode.swift; path = AddressWithETABinder.swift; sourceTree = "<group>"; };
		DE30960E2091AC3800A62D8B /* RadioButton.swift */ = {isa = PBXFileReference; lastKnownFileType = sourcecode.swift; path = RadioButton.swift; sourceTree = "<group>"; };
		DE3096102091ACAB00A62D8B /* UIColor+Extensions.swift */ = {isa = PBXFileReference; lastKnownFileType = sourcecode.swift; path = "UIColor+Extensions.swift"; sourceTree = "<group>"; };
		DE3096122091ADEA00A62D8B /* View.swift */ = {isa = PBXFileReference; lastKnownFileType = sourcecode.swift; path = View.swift; sourceTree = "<group>"; };
		DE3096142091C21F00A62D8B /* DateFormats.swift */ = {isa = PBXFileReference; lastKnownFileType = sourcecode.swift; path = DateFormats.swift; sourceTree = "<group>"; };
		DE3096162091C8D500A62D8B /* ru */ = {isa = PBXFileReference; lastKnownFileType = text.plist.strings; name = ru; path = ru.lproj/LaunchScreen.strings; sourceTree = "<group>"; };
		DE30961D2091C9C400A62D8B /* ru */ = {isa = PBXFileReference; lastKnownFileType = text.plist.strings; name = ru; path = ru.lproj/Localizable.strings; sourceTree = "<group>"; };
		DE30961E2091CA3000A62D8B /* Base */ = {isa = PBXFileReference; lastKnownFileType = text.plist.strings; name = Base; path = Base.lproj/Localizable.strings; sourceTree = "<group>"; };
		DE3096202091CC2C00A62D8B /* Base */ = {isa = PBXFileReference; lastKnownFileType = file.xib; name = Base; path = Base.lproj/SearchAddressViewController.xib; sourceTree = "<group>"; };
		DE3096252091CD0600A62D8B /* Localizable.swift */ = {isa = PBXFileReference; lastKnownFileType = sourcecode.swift; path = Localizable.swift; sourceTree = "<group>"; };
		DE3096272091CD2C00A62D8B /* XIBLocalizable.swift */ = {isa = PBXFileReference; lastKnownFileType = sourcecode.swift; path = XIBLocalizable.swift; sourceTree = "<group>"; };
		DE30962A2091D8BA00A62D8B /* ViewControllersFactory.swift */ = {isa = PBXFileReference; lastKnownFileType = sourcecode.swift; path = ViewControllersFactory.swift; sourceTree = "<group>"; };
		DE88DFE2208F33DD00CEF036 /* BringozTestTask.app */ = {isa = PBXFileReference; explicitFileType = wrapper.application; includeInIndex = 0; path = BringozTestTask.app; sourceTree = BUILT_PRODUCTS_DIR; };
		DE88DFE5208F33DD00CEF036 /* AppDelegate.swift */ = {isa = PBXFileReference; lastKnownFileType = sourcecode.swift; path = AppDelegate.swift; sourceTree = "<group>"; };
		DE88DFEC208F33DF00CEF036 /* Assets.xcassets */ = {isa = PBXFileReference; lastKnownFileType = folder.assetcatalog; path = Assets.xcassets; sourceTree = "<group>"; };
		DE88DFEF208F33DF00CEF036 /* Base */ = {isa = PBXFileReference; lastKnownFileType = file.storyboard; name = Base; path = Base.lproj/LaunchScreen.storyboard; sourceTree = "<group>"; };
		DE88DFF1208F33DF00CEF036 /* Info.plist */ = {isa = PBXFileReference; lastKnownFileType = text.plist.xml; path = Info.plist; sourceTree = "<group>"; };
		DE88DFF9208F356600CEF036 /* AddressesViewController.swift */ = {isa = PBXFileReference; lastKnownFileType = sourcecode.swift; path = AddressesViewController.swift; sourceTree = "<group>"; };
		DE88DFFB208F361F00CEF036 /* AddressesViewController.xib */ = {isa = PBXFileReference; lastKnownFileType = file.xib; path = AddressesViewController.xib; sourceTree = "<group>"; };
		DE88DFFE208F36CF00CEF036 /* AddressETATableViewCell.swift */ = {isa = PBXFileReference; lastKnownFileType = sourcecode.swift; path = AddressETATableViewCell.swift; sourceTree = "<group>"; };
		DE88DFFF208F36CF00CEF036 /* AddressETATableViewCell.xib */ = {isa = PBXFileReference; lastKnownFileType = file.xib; path = AddressETATableViewCell.xib; sourceTree = "<group>"; };
		DE88E005208F3C9600CEF036 /* ButtonTableViewCell.swift */ = {isa = PBXFileReference; lastKnownFileType = sourcecode.swift; path = ButtonTableViewCell.swift; sourceTree = "<group>"; };
		DE88E009208F3DB700CEF036 /* TableViewCell.swift */ = {isa = PBXFileReference; lastKnownFileType = sourcecode.swift; path = TableViewCell.swift; sourceTree = "<group>"; };
		DE88E010208F475D00CEF036 /* UIKit+DisposeBag.swift */ = {isa = PBXFileReference; lastKnownFileType = sourcecode.swift; path = "UIKit+DisposeBag.swift"; sourceTree = "<group>"; };
		DE88E012208F4A6D00CEF036 /* TableViewController.swift */ = {isa = PBXFileReference; lastKnownFileType = sourcecode.swift; path = TableViewController.swift; sourceTree = "<group>"; };
/* End PBXFileReference section */

/* Begin PBXFrameworksBuildPhase section */
		DE88DFDF208F33DD00CEF036 /* Frameworks */ = {
			isa = PBXFrameworksBuildPhase;
			buildActionMask = 2147483647;
			files = (
				00B069EEB7BB3600193A123F /* Pods_BringozTestTask.framework in Frameworks */,
			);
			runOnlyForDeploymentPostprocessing = 0;
		};
/* End PBXFrameworksBuildPhase section */

/* Begin PBXGroup section */
		818C82D9DB4909BE4EFFA814 /* Frameworks */ = {
			isa = PBXGroup;
			children = (
				67628ACB9DE40BE7DBBA8953 /* Pods_BringozTestTask.framework */,
			);
			name = Frameworks;
			sourceTree = "<group>";
		};
		9BC98720FA7534A17A79BF46 /* Pods */ = {
			isa = PBXGroup;
			children = (
				89554B3ADF0EA1A04560D7D2 /* Pods-BringozTestTask.debug.xcconfig */,
				AEE411B30C30EC94A9CD0773 /* Pods-BringozTestTask.release.xcconfig */,
			);
			name = Pods;
			sourceTree = "<group>";
		};
		DE16B89D208F549E00DE88B7 /* Controllers */ = {
			isa = PBXGroup;
			children = (
				DE88DFF8208F351300CEF036 /* AddressesController */,
				DE16B89E208F54A800DE88B7 /* SearchAddressController */,
			);
			path = Controllers;
			sourceTree = "<group>";
		};
		DE16B89E208F54A800DE88B7 /* SearchAddressController */ = {
			isa = PBXGroup;
			children = (
				DE16B8A3208F555D00DE88B7 /* Services */,
				DE16B89F208F54D800DE88B7 /* SearchAddressViewController.swift */,
				DE3096212091CC2C00A62D8B /* SearchAddressViewController.xib */,
			);
			path = SearchAddressController;
			sourceTree = "<group>";
		};
		DE16B8A3208F555D00DE88B7 /* Services */ = {
			isa = PBXGroup;
			children = (
				DE16B8A6208F55E300DE88B7 /* AddressProviders */,
			);
			path = Services;
			sourceTree = "<group>";
		};
		DE16B8A6208F55E300DE88B7 /* AddressProviders */ = {
			isa = PBXGroup;
			children = (
				DE16B8A7208F561200DE88B7 /* Address.swift */,
				DE16B8A4208F558400DE88B7 /* PresentableAddressProvider.swift */,
				DE16B8A9208F564D00DE88B7 /* GoogleAddressProvider.swift */,
			);
			path = AddressProviders;
			sourceTree = "<group>";
		};
		DE16B8B0208F800200DE88B7 /* Services */ = {
			isa = PBXGroup;
			children = (
				DE3096092090CD4A00A62D8B /* AddressWithETABinder.swift */,
				DE16B8B5208FB8D800DE88B7 /* AddressWithETA.swift */,
				DE16B8B1208F810500DE88B7 /* ETACalculator.swift */,
				DE16B8B3208F825B00DE88B7 /* CoreLocationETACalculator.swift */,
			);
			path = Services;
			sourceTree = "<group>";
		};
		DE30960D2091AC0A00A62D8B /* Views */ = {
			isa = PBXGroup;
			children = (
				DE30960E2091AC3800A62D8B /* RadioButton.swift */,
			);
			path = Views;
			sourceTree = "<group>";
		};
		DE3096172091C92D00A62D8B /* Localizations */ = {
			isa = PBXGroup;
			children = (
				DE30961C2091C9B800A62D8B /* Localizable.strings */,
			);
			path = Localizations;
			sourceTree = "<group>";
		};
		DE3096242091CCE700A62D8B /* Localization */ = {
			isa = PBXGroup;
			children = (
				DE3096252091CD0600A62D8B /* Localizable.swift */,
				DE3096272091CD2C00A62D8B /* XIBLocalizable.swift */,
			);
			path = Localization;
			sourceTree = "<group>";
		};
		DE3096292091D8A600A62D8B /* Core */ = {
			isa = PBXGroup;
			children = (
				DE30962A2091D8BA00A62D8B /* ViewControllersFactory.swift */,
			);
			path = Core;
			sourceTree = "<group>";
		};
		DE88DFD9208F33DD00CEF036 = {
			isa = PBXGroup;
			children = (
				DE88DFE4208F33DD00CEF036 /* BringozTestTask */,
				DE88DFE3208F33DD00CEF036 /* Products */,
				9BC98720FA7534A17A79BF46 /* Pods */,
				818C82D9DB4909BE4EFFA814 /* Frameworks */,
			);
			sourceTree = "<group>";
		};
		DE88DFE3208F33DD00CEF036 /* Products */ = {
			isa = PBXGroup;
			children = (
				DE88DFE2208F33DD00CEF036 /* BringozTestTask.app */,
			);
			name = Products;
			sourceTree = "<group>";
		};
		DE88DFE4208F33DD00CEF036 /* BringozTestTask */ = {
			isa = PBXGroup;
			children = (
				DE88DFE5208F33DD00CEF036 /* AppDelegate.swift */,
				DE3096292091D8A600A62D8B /* Core */,
				DE30960D2091AC0A00A62D8B /* Views */,
				DE88E00B208F46C800CEF036 /* Extensions */,
				DE88E002208F3C5400CEF036 /* Base Classes */,
				DE16B89D208F549E00DE88B7 /* Controllers */,
				DE88DFF7208F34E100CEF036 /* Resources */,
			);
			path = BringozTestTask;
			sourceTree = "<group>";
		};
		DE88DFF7208F34E100CEF036 /* Resources */ = {
			isa = PBXGroup;
			children = (
				DE3096172091C92D00A62D8B /* Localizations */,
				DE88DFEC208F33DF00CEF036 /* Assets.xcassets */,
				DE88DFEE208F33DF00CEF036 /* LaunchScreen.storyboard */,
				DE88DFF1208F33DF00CEF036 /* Info.plist */,
			);
			path = Resources;
			sourceTree = "<group>";
		};
		DE88DFF8208F351300CEF036 /* AddressesController */ = {
			isa = PBXGroup;
			children = (
				DE16B8B0208F800200DE88B7 /* Services */,
				DE88DFFD208F367000CEF036 /* Cells */,
				DE88DFF9208F356600CEF036 /* AddressesViewController.swift */,
				DE88DFFB208F361F00CEF036 /* AddressesViewController.xib */,
			);
			path = AddressesController;
			sourceTree = "<group>";
		};
		DE88DFFD208F367000CEF036 /* Cells */ = {
			isa = PBXGroup;
			children = (
				DE88DFFE208F36CF00CEF036 /* AddressETATableViewCell.swift */,
				DE88DFFF208F36CF00CEF036 /* AddressETATableViewCell.xib */,
			);
			path = Cells;
			sourceTree = "<group>";
		};
		DE88E002208F3C5400CEF036 /* Base Classes */ = {
			isa = PBXGroup;
			children = (
				DE88E003208F3C6300CEF036 /* UIKit */,
				DE3096142091C21F00A62D8B /* DateFormats.swift */,
			);
			path = "Base Classes";
			sourceTree = "<group>";
		};
		DE88E003208F3C6300CEF036 /* UIKit */ = {
			isa = PBXGroup;
			children = (
				DE88E004208F3C6900CEF036 /* UITableViewCells */,
				DE88E012208F4A6D00CEF036 /* TableViewController.swift */,
				DE3096122091ADEA00A62D8B /* View.swift */,
			);
			path = UIKit;
			sourceTree = "<group>";
		};
		DE88E004208F3C6900CEF036 /* UITableViewCells */ = {
			isa = PBXGroup;
			children = (
				DE88E009208F3DB700CEF036 /* TableViewCell.swift */,
				DE16B8AE208F74C200DE88B7 /* LabelTableViewCell.swift */,
				DE88E005208F3C9600CEF036 /* ButtonTableViewCell.swift */,
			);
			path = UITableViewCells;
			sourceTree = "<group>";
		};
		DE88E00B208F46C800CEF036 /* Extensions */ = {
			isa = PBXGroup;
			children = (
				DE88E00D208F46F800CEF036 /* Rx */,
				DE88E00C208F46D000CEF036 /* UIKit */,
				DE16B8B72090823000DE88B7 /* Array+Extensions.swift */,
				DE16B8AB208F6DD200DE88B7 /* NSError+Extensions.swift */,
			);
			path = Extensions;
			sourceTree = "<group>";
		};
		DE88E00C208F46D000CEF036 /* UIKit */ = {
			isa = PBXGroup;
			children = (
				DE3096242091CCE700A62D8B /* Localization */,
				DE3096102091ACAB00A62D8B /* UIColor+Extensions.swift */,
			);
			path = UIKit;
			sourceTree = "<group>";
		};
		DE88E00D208F46F800CEF036 /* Rx */ = {
			isa = PBXGroup;
			children = (
				DE88E010208F475D00CEF036 /* UIKit+DisposeBag.swift */,
			);
			path = Rx;
			sourceTree = "<group>";
		};
/* End PBXGroup section */

/* Begin PBXNativeTarget section */
		DE88DFE1208F33DD00CEF036 /* BringozTestTask */ = {
			isa = PBXNativeTarget;
			buildConfigurationList = DE88DFF4208F33DF00CEF036 /* Build configuration list for PBXNativeTarget "BringozTestTask" */;
			buildPhases = (
				93F573FE5732255FE0A75C96 /* [CP] Check Pods Manifest.lock */,
				DE88DFDE208F33DD00CEF036 /* Sources */,
				DE88DFDF208F33DD00CEF036 /* Frameworks */,
				DE88DFE0208F33DD00CEF036 /* Resources */,
				2CE7DC3F0CD658826F5FF12B /* [CP] Embed Pods Frameworks */,
				6AC2C4C6EA3257E018283712 /* [CP] Copy Pods Resources */,
			);
			buildRules = (
			);
			dependencies = (
			);
			name = BringozTestTask;
			productName = BringozTestTask;
			productReference = DE88DFE2208F33DD00CEF036 /* BringozTestTask.app */;
			productType = "com.apple.product-type.application";
		};
/* End PBXNativeTarget section */

/* Begin PBXProject section */
		DE88DFDA208F33DD00CEF036 /* Project object */ = {
			isa = PBXProject;
			attributes = {
				LastSwiftUpdateCheck = 0930;
				LastUpgradeCheck = 0930;
				ORGANIZATIONNAME = Bringoz;
				TargetAttributes = {
					DE88DFE1208F33DD00CEF036 = {
						CreatedOnToolsVersion = 9.3;
					};
				};
			};
			buildConfigurationList = DE88DFDD208F33DD00CEF036 /* Build configuration list for PBXProject "BringozTestTask" */;
			compatibilityVersion = "Xcode 9.3";
			developmentRegion = en;
			hasScannedForEncodings = 0;
			knownRegions = (
				en,
				Base,
				ru,
			);
			mainGroup = DE88DFD9208F33DD00CEF036;
			productRefGroup = DE88DFE3208F33DD00CEF036 /* Products */;
			projectDirPath = "";
			projectRoot = "";
			targets = (
				DE88DFE1208F33DD00CEF036 /* BringozTestTask */,
			);
		};
/* End PBXProject section */

/* Begin PBXResourcesBuildPhase section */
		DE88DFE0208F33DD00CEF036 /* Resources */ = {
			isa = PBXResourcesBuildPhase;
			buildActionMask = 2147483647;
			files = (
				DE88DFF0208F33DF00CEF036 /* LaunchScreen.storyboard in Resources */,
				DE30961A2091C9B800A62D8B /* Localizable.strings in Resources */,
				DE88DFED208F33DF00CEF036 /* Assets.xcassets in Resources */,
				DE30961F2091CC2C00A62D8B /* SearchAddressViewController.xib in Resources */,
				DE88E001208F36CF00CEF036 /* AddressETATableViewCell.xib in Resources */,
				DE88DFFC208F361F00CEF036 /* AddressesViewController.xib in Resources */,
			);
			runOnlyForDeploymentPostprocessing = 0;
		};
/* End PBXResourcesBuildPhase section */

/* Begin PBXShellScriptBuildPhase section */
		2CE7DC3F0CD658826F5FF12B /* [CP] Embed Pods Frameworks */ = {
			isa = PBXShellScriptBuildPhase;
			buildActionMask = 2147483647;
			files = (
			);
			inputPaths = (
				"${SRCROOT}/Pods/Target Support Files/Pods-BringozTestTask/Pods-BringozTestTask-frameworks.sh",
				"${BUILT_PRODUCTS_DIR}/Alamofire/Alamofire.framework",
				"${BUILT_PRODUCTS_DIR}/DTModelStorage/DTModelStorage.framework",
				"${BUILT_PRODUCTS_DIR}/DTTableViewManager/DTTableViewManager.framework",
				"${BUILT_PRODUCTS_DIR}/RxAlamofire/RxAlamofire.framework",
				"${BUILT_PRODUCTS_DIR}/RxCocoa/RxCocoa.framework",
				"${BUILT_PRODUCTS_DIR}/RxSwift/RxSwift.framework",
				"${BUILT_PRODUCTS_DIR}/SnapKit/SnapKit.framework",
			);
			name = "[CP] Embed Pods Frameworks";
			outputPaths = (
				"${TARGET_BUILD_DIR}/${FRAMEWORKS_FOLDER_PATH}/Alamofire.framework",
				"${TARGET_BUILD_DIR}/${FRAMEWORKS_FOLDER_PATH}/DTModelStorage.framework",
				"${TARGET_BUILD_DIR}/${FRAMEWORKS_FOLDER_PATH}/DTTableViewManager.framework",
				"${TARGET_BUILD_DIR}/${FRAMEWORKS_FOLDER_PATH}/RxAlamofire.framework",
				"${TARGET_BUILD_DIR}/${FRAMEWORKS_FOLDER_PATH}/RxCocoa.framework",
				"${TARGET_BUILD_DIR}/${FRAMEWORKS_FOLDER_PATH}/RxSwift.framework",
				"${TARGET_BUILD_DIR}/${FRAMEWORKS_FOLDER_PATH}/SnapKit.framework",
			);
			runOnlyForDeploymentPostprocessing = 0;
			shellPath = /bin/sh;
			shellScript = "\"${SRCROOT}/Pods/Target Support Files/Pods-BringozTestTask/Pods-BringozTestTask-frameworks.sh\"\n";
			showEnvVarsInLog = 0;
		};
		6AC2C4C6EA3257E018283712 /* [CP] Copy Pods Resources */ = {
			isa = PBXShellScriptBuildPhase;
			buildActionMask = 2147483647;
			files = (
			);
			inputPaths = (
				"${SRCROOT}/Pods/Target Support Files/Pods-BringozTestTask/Pods-BringozTestTask-resources.sh",
				"${PODS_ROOT}/GooglePlaces/Frameworks/GooglePlaces.framework/Resources/GooglePlaces.bundle",
			);
			name = "[CP] Copy Pods Resources";
			outputPaths = (
				"${TARGET_BUILD_DIR}/${UNLOCALIZED_RESOURCES_FOLDER_PATH}/GooglePlaces.bundle",
			);
			runOnlyForDeploymentPostprocessing = 0;
			shellPath = /bin/sh;
			shellScript = "\"${SRCROOT}/Pods/Target Support Files/Pods-BringozTestTask/Pods-BringozTestTask-resources.sh\"\n";
			showEnvVarsInLog = 0;
		};
		93F573FE5732255FE0A75C96 /* [CP] Check Pods Manifest.lock */ = {
			isa = PBXShellScriptBuildPhase;
			buildActionMask = 2147483647;
			files = (
			);
			inputPaths = (
				"${PODS_PODFILE_DIR_PATH}/Podfile.lock",
				"${PODS_ROOT}/Manifest.lock",
			);
			name = "[CP] Check Pods Manifest.lock";
			outputPaths = (
				"$(DERIVED_FILE_DIR)/Pods-BringozTestTask-checkManifestLockResult.txt",
			);
			runOnlyForDeploymentPostprocessing = 0;
			shellPath = /bin/sh;
			shellScript = "diff \"${PODS_PODFILE_DIR_PATH}/Podfile.lock\" \"${PODS_ROOT}/Manifest.lock\" > /dev/null\nif [ $? != 0 ] ; then\n    # print error to STDERR\n    echo \"error: The sandbox is not in sync with the Podfile.lock. Run 'pod install' or update your CocoaPods installation.\" >&2\n    exit 1\nfi\n# This output is used by Xcode 'outputs' to avoid re-running this script phase.\necho \"SUCCESS\" > \"${SCRIPT_OUTPUT_FILE_0}\"\n";
			showEnvVarsInLog = 0;
		};
/* End PBXShellScriptBuildPhase section */

/* Begin PBXSourcesBuildPhase section */
		DE88DFDE208F33DD00CEF036 /* Sources */ = {
			isa = PBXSourcesBuildPhase;
			buildActionMask = 2147483647;
			files = (
				DE88E00A208F3DB700CEF036 /* TableViewCell.swift in Sources */,
				DE16B8AA208F564D00DE88B7 /* GoogleAddressProvider.swift in Sources */,
				DE3096262091CD0600A62D8B /* Localizable.swift in Sources */,
				DE88E013208F4A6D00CEF036 /* TableViewController.swift in Sources */,
				DE3096282091CD2C00A62D8B /* XIBLocalizable.swift in Sources */,
				DE88E011208F475D00CEF036 /* UIKit+DisposeBag.swift in Sources */,
				DE88E000208F36CF00CEF036 /* AddressETATableViewCell.swift in Sources */,
				DE3096132091ADEA00A62D8B /* View.swift in Sources */,
				DE30960F2091AC3800A62D8B /* RadioButton.swift in Sources */,
				DE16B8A8208F561200DE88B7 /* Address.swift in Sources */,
				DE88DFE6208F33DD00CEF036 /* AppDelegate.swift in Sources */,
				DE30962B2091D8BA00A62D8B /* ViewControllersFactory.swift in Sources */,
				DE16B8A0208F54D800DE88B7 /* SearchAddressViewController.swift in Sources */,
				DE16B8B82090823000DE88B7 /* Array+Extensions.swift in Sources */,
				DE16B8A5208F558400DE88B7 /* PresentableAddressProvider.swift in Sources */,
				DE3096112091ACAB00A62D8B /* UIColor+Extensions.swift in Sources */,
				DE16B8AC208F6DD200DE88B7 /* NSError+Extensions.swift in Sources */,
				DE88DFFA208F356600CEF036 /* AddressesViewController.swift in Sources */,
				DE16B8B6208FB8D800DE88B7 /* AddressWithETA.swift in Sources */,
				DE16B8B4208F825B00DE88B7 /* CoreLocationETACalculator.swift in Sources */,
				DE88E007208F3C9600CEF036 /* ButtonTableViewCell.swift in Sources */,
				DE16B8B2208F810500DE88B7 /* ETACalculator.swift in Sources */,
				DE30960A2090CD4A00A62D8B /* AddressWithETABinder.swift in Sources */,
				DE3096152091C21F00A62D8B /* DateFormats.swift in Sources */,
				DE16B8AF208F74C200DE88B7 /* LabelTableViewCell.swift in Sources */,
			);
			runOnlyForDeploymentPostprocessing = 0;
		};
/* End PBXSourcesBuildPhase section */

/* Begin PBXVariantGroup section */
		DE30961C2091C9B800A62D8B /* Localizable.strings */ = {
			isa = PBXVariantGroup;
			children = (
				DE30961D2091C9C400A62D8B /* ru */,
				DE30961E2091CA3000A62D8B /* Base */,
			);
			name = Localizable.strings;
			sourceTree = "<group>";
		};
		DE3096212091CC2C00A62D8B /* SearchAddressViewController.xib */ = {
			isa = PBXVariantGroup;
			children = (
				DE3096202091CC2C00A62D8B /* Base */,
			);
			name = SearchAddressViewController.xib;
			sourceTree = "<group>";
		};
		DE88DFEE208F33DF00CEF036 /* LaunchScreen.storyboard */ = {
			isa = PBXVariantGroup;
			children = (
				DE88DFEF208F33DF00CEF036 /* Base */,
				DE3096162091C8D500A62D8B /* ru */,
			);
			name = LaunchScreen.storyboard;
			sourceTree = "<group>";
		};
/* End PBXVariantGroup section */

/* Begin XCBuildConfiguration section */
		DE88DFF2208F33DF00CEF036 /* Debug */ = {
			isa = XCBuildConfiguration;
			buildSettings = {
				ALWAYS_SEARCH_USER_PATHS = NO;
				CLANG_ANALYZER_LOCALIZABILITY_NONLOCALIZED = YES;
				CLANG_ANALYZER_NONNULL = YES;
				CLANG_ANALYZER_NUMBER_OBJECT_CONVERSION = YES_AGGRESSIVE;
				CLANG_CXX_LANGUAGE_STANDARD = "gnu++14";
				CLANG_CXX_LIBRARY = "libc++";
				CLANG_ENABLE_MODULES = YES;
				CLANG_ENABLE_OBJC_ARC = YES;
				CLANG_ENABLE_OBJC_WEAK = YES;
				CLANG_WARN_BLOCK_CAPTURE_AUTORELEASING = YES;
				CLANG_WARN_BOOL_CONVERSION = YES;
				CLANG_WARN_COMMA = YES;
				CLANG_WARN_CONSTANT_CONVERSION = YES;
				CLANG_WARN_DEPRECATED_OBJC_IMPLEMENTATIONS = YES;
				CLANG_WARN_DIRECT_OBJC_ISA_USAGE = YES_ERROR;
				CLANG_WARN_DOCUMENTATION_COMMENTS = YES;
				CLANG_WARN_EMPTY_BODY = YES;
				CLANG_WARN_ENUM_CONVERSION = YES;
				CLANG_WARN_INFINITE_RECURSION = YES;
				CLANG_WARN_INT_CONVERSION = YES;
				CLANG_WARN_NON_LITERAL_NULL_CONVERSION = YES;
				CLANG_WARN_OBJC_IMPLICIT_RETAIN_SELF = YES;
				CLANG_WARN_OBJC_LITERAL_CONVERSION = YES;
				CLANG_WARN_OBJC_ROOT_CLASS = YES_ERROR;
				CLANG_WARN_RANGE_LOOP_ANALYSIS = YES;
				CLANG_WARN_STRICT_PROTOTYPES = YES;
				CLANG_WARN_SUSPICIOUS_MOVE = YES;
				CLANG_WARN_UNGUARDED_AVAILABILITY = YES_AGGRESSIVE;
				CLANG_WARN_UNREACHABLE_CODE = YES;
				CLANG_WARN__DUPLICATE_METHOD_MATCH = YES;
				CODE_SIGN_IDENTITY = "iPhone Developer";
				COPY_PHASE_STRIP = NO;
				DEBUG_INFORMATION_FORMAT = dwarf;
				ENABLE_STRICT_OBJC_MSGSEND = YES;
				ENABLE_TESTABILITY = YES;
				GCC_C_LANGUAGE_STANDARD = gnu11;
				GCC_DYNAMIC_NO_PIC = NO;
				GCC_NO_COMMON_BLOCKS = YES;
				GCC_OPTIMIZATION_LEVEL = 0;
				GCC_PREPROCESSOR_DEFINITIONS = (
					"DEBUG=1",
					"$(inherited)",
				);
				GCC_WARN_64_TO_32_BIT_CONVERSION = YES;
				GCC_WARN_ABOUT_RETURN_TYPE = YES_ERROR;
				GCC_WARN_UNDECLARED_SELECTOR = YES;
				GCC_WARN_UNINITIALIZED_AUTOS = YES_AGGRESSIVE;
				GCC_WARN_UNUSED_FUNCTION = YES;
				GCC_WARN_UNUSED_VARIABLE = YES;
				IPHONEOS_DEPLOYMENT_TARGET = 11.3;
				MTL_ENABLE_DEBUG_INFO = YES;
				ONLY_ACTIVE_ARCH = YES;
				SDKROOT = iphoneos;
				SWIFT_ACTIVE_COMPILATION_CONDITIONS = DEBUG;
				SWIFT_OPTIMIZATION_LEVEL = "-Onone";
			};
			name = Debug;
		};
		DE88DFF3208F33DF00CEF036 /* Release */ = {
			isa = XCBuildConfiguration;
			buildSettings = {
				ALWAYS_SEARCH_USER_PATHS = NO;
				CLANG_ANALYZER_LOCALIZABILITY_NONLOCALIZED = YES;
				CLANG_ANALYZER_NONNULL = YES;
				CLANG_ANALYZER_NUMBER_OBJECT_CONVERSION = YES_AGGRESSIVE;
				CLANG_CXX_LANGUAGE_STANDARD = "gnu++14";
				CLANG_CXX_LIBRARY = "libc++";
				CLANG_ENABLE_MODULES = YES;
				CLANG_ENABLE_OBJC_ARC = YES;
				CLANG_ENABLE_OBJC_WEAK = YES;
				CLANG_WARN_BLOCK_CAPTURE_AUTORELEASING = YES;
				CLANG_WARN_BOOL_CONVERSION = YES;
				CLANG_WARN_COMMA = YES;
				CLANG_WARN_CONSTANT_CONVERSION = YES;
				CLANG_WARN_DEPRECATED_OBJC_IMPLEMENTATIONS = YES;
				CLANG_WARN_DIRECT_OBJC_ISA_USAGE = YES_ERROR;
				CLANG_WARN_DOCUMENTATION_COMMENTS = YES;
				CLANG_WARN_EMPTY_BODY = YES;
				CLANG_WARN_ENUM_CONVERSION = YES;
				CLANG_WARN_INFINITE_RECURSION = YES;
				CLANG_WARN_INT_CONVERSION = YES;
				CLANG_WARN_NON_LITERAL_NULL_CONVERSION = YES;
				CLANG_WARN_OBJC_IMPLICIT_RETAIN_SELF = YES;
				CLANG_WARN_OBJC_LITERAL_CONVERSION = YES;
				CLANG_WARN_OBJC_ROOT_CLASS = YES_ERROR;
				CLANG_WARN_RANGE_LOOP_ANALYSIS = YES;
				CLANG_WARN_STRICT_PROTOTYPES = YES;
				CLANG_WARN_SUSPICIOUS_MOVE = YES;
				CLANG_WARN_UNGUARDED_AVAILABILITY = YES_AGGRESSIVE;
				CLANG_WARN_UNREACHABLE_CODE = YES;
				CLANG_WARN__DUPLICATE_METHOD_MATCH = YES;
				CODE_SIGN_IDENTITY = "iPhone Developer";
				COPY_PHASE_STRIP = NO;
				DEBUG_INFORMATION_FORMAT = "dwarf-with-dsym";
				ENABLE_NS_ASSERTIONS = NO;
				ENABLE_STRICT_OBJC_MSGSEND = YES;
				GCC_C_LANGUAGE_STANDARD = gnu11;
				GCC_NO_COMMON_BLOCKS = YES;
				GCC_WARN_64_TO_32_BIT_CONVERSION = YES;
				GCC_WARN_ABOUT_RETURN_TYPE = YES_ERROR;
				GCC_WARN_UNDECLARED_SELECTOR = YES;
				GCC_WARN_UNINITIALIZED_AUTOS = YES_AGGRESSIVE;
				GCC_WARN_UNUSED_FUNCTION = YES;
				GCC_WARN_UNUSED_VARIABLE = YES;
				IPHONEOS_DEPLOYMENT_TARGET = 11.3;
				MTL_ENABLE_DEBUG_INFO = NO;
				SDKROOT = iphoneos;
				SWIFT_COMPILATION_MODE = wholemodule;
				SWIFT_OPTIMIZATION_LEVEL = "-O";
				VALIDATE_PRODUCT = YES;
			};
			name = Release;
		};
		DE88DFF5208F33DF00CEF036 /* Debug */ = {
			isa = XCBuildConfiguration;
			baseConfigurationReference = 89554B3ADF0EA1A04560D7D2 /* Pods-BringozTestTask.debug.xcconfig */;
			buildSettings = {
				ASSETCATALOG_COMPILER_APPICON_NAME = AppIcon;
				ASSETCATALOG_COMPILER_LAUNCHIMAGE_NAME = LaunchImage;
				CODE_SIGN_STYLE = Automatic;
				DEVELOPMENT_TEAM = 9EFHXU4PS9;
				INFOPLIST_FILE = "$(SRCROOT)/BringozTestTask/Resources/Info.plist";
				LD_RUNPATH_SEARCH_PATHS = (
					"$(inherited)",
					"@executable_path/Frameworks",
				);
				PRODUCT_BUNDLE_IDENTIFIER = BGZ.BringozTestTask;
				PRODUCT_NAME = "$(TARGET_NAME)";
				SWIFT_VERSION = 4.0;
				TARGETED_DEVICE_FAMILY = "1,2";
			};
			name = Debug;
		};
		DE88DFF6208F33DF00CEF036 /* Release */ = {
			isa = XCBuildConfiguration;
			baseConfigurationReference = AEE411B30C30EC94A9CD0773 /* Pods-BringozTestTask.release.xcconfig */;
			buildSettings = {
				ASSETCATALOG_COMPILER_APPICON_NAME = AppIcon;
				ASSETCATALOG_COMPILER_LAUNCHIMAGE_NAME = LaunchImage;
				CODE_SIGN_STYLE = Automatic;
				DEVELOPMENT_TEAM = 9EFHXU4PS9;
				INFOPLIST_FILE = "$(SRCROOT)/BringozTestTask/Resources/Info.plist";
				LD_RUNPATH_SEARCH_PATHS = (
					"$(inherited)",
					"@executable_path/Frameworks",
				);
				PRODUCT_BUNDLE_IDENTIFIER = BGZ.BringozTestTask;
				PRODUCT_NAME = "$(TARGET_NAME)";
				SWIFT_VERSION = 4.0;
				TARGETED_DEVICE_FAMILY = "1,2";
			};
			name = Release;
		};
/* End XCBuildConfiguration section */

/* Begin XCConfigurationList section */
		DE88DFDD208F33DD00CEF036 /* Build configuration list for PBXProject "BringozTestTask" */ = {
			isa = XCConfigurationList;
			buildConfigurations = (
				DE88DFF2208F33DF00CEF036 /* Debug */,
				DE88DFF3208F33DF00CEF036 /* Release */,
			);
			defaultConfigurationIsVisible = 0;
			defaultConfigurationName = Release;
		};
		DE88DFF4208F33DF00CEF036 /* Build configuration list for PBXNativeTarget "BringozTestTask" */ = {
			isa = XCConfigurationList;
			buildConfigurations = (
				DE88DFF5208F33DF00CEF036 /* Debug */,
				DE88DFF6208F33DF00CEF036 /* Release */,
			);
			defaultConfigurationIsVisible = 0;
			defaultConfigurationName = Release;
		};
/* End XCConfigurationList section */
	};
	rootObject = DE88DFDA208F33DD00CEF036 /* Project object */;
}
